version: 6
environments:
  default:
    channels:
    - url: https://conda.anaconda.org/conda-forge/
    options:
      pypi-prerelease-mode: if-necessary-or-explicit
    packages:
      osx-arm64:
      - conda: https://conda.anaconda.org/conda-forge/osx-arm64/_openmp_mutex-4.5-7_kmp_llvm.conda
      - conda: https://conda.anaconda.org/conda-forge/osx-arm64/bzip2-1.0.8-hd037594_9.conda
      - conda: https://conda.anaconda.org/conda-forge/noarch/ca-certificates-2026.4.22-hbd8a1cb_0.conda
      - conda: https://conda.anaconda.org/conda-forge/osx-arm64/libblas-3.11.0-6_h51639a9_openblas.conda
      - conda: https://conda.anaconda.org/conda-forge/osx-arm64/libcblas-3.11.0-6_hb0561ab_openblas.conda
      - conda: https://conda.anaconda.org/conda-forge/osx-arm64/libcxx-22.1.5-h55c6f16_1.conda
      - conda: https://conda.anaconda.org/conda-forge/osx-arm64/libexpat-2.8.0-hf6b4638_0.conda
      - conda: https://conda.anaconda.org/conda-forge/osx-arm64/libffi-3.5.2-hcf2aa1b_0.conda
      - conda: https://conda.anaconda.org/conda-forge/osx-arm64/libgcc-15.2.0-hcbb3090_19.conda
      - conda: https://conda.anaconda.org/conda-forge/osx-arm64/libgfortran-15.2.0-h07b0088_19.conda
      - conda: https://conda.anaconda.org/conda-forge/osx-arm64/libgfortran5-15.2.0-hdae7583_19.conda
      - conda: https://conda.anaconda.org/conda-forge/osx-arm64/liblapack-3.11.0-6_hd9741b5_openblas.conda
      - conda: https://conda.anaconda.org/conda-forge/osx-arm64/liblzma-5.8.3-h8088a28_0.conda
      - conda: https://conda.anaconda.org/conda-forge/osx-arm64/libmpdec-4.0.0-h84a0fba_1.conda
      - conda: https://conda.anaconda.org/conda-forge/osx-arm64/libopenblas-0.3.32-openmp_he657e61_0.conda
      - conda: https://conda.anaconda.org/conda-forge/osx-arm64/libsqlite-3.53.1-h1b79a29_0.conda
      - conda: https://conda.anaconda.org/conda-forge/osx-arm64/libzlib-1.3.2-h8088a28_2.conda
      - conda: https://conda.anaconda.org/conda-forge/osx-arm64/llvm-openmp-22.1.4-hc7d1edf_0.conda
      - conda: https://conda.anaconda.org/conda-forge/osx-arm64/ncurses-6.6-h1d4f5a5_0.conda
      - conda: https://conda.anaconda.org/conda-forge/osx-arm64/numpy-2.4.3-py314ha4d8615_0.conda
      - conda: https://conda.anaconda.org/conda-forge/osx-arm64/openssl-3.6.2-hd24854e_0.conda
      - conda: https://conda.anaconda.org/conda-forge/osx-arm64/python-3.14.4-h6c44a53_0_cp314t.conda
      - conda: https://conda.anaconda.org/conda-forge/noarch/python_abi-3.14-8_cp314t.conda
      - conda: https://conda.anaconda.org/conda-forge/osx-arm64/readline-8.3-h46df422_0.conda
      - conda: https://conda.anaconda.org/conda-forge/noarch/setuptools-82.0.1-pyh332efcf_0.conda
      - conda: https://conda.anaconda.org/conda-forge/osx-arm64/tk-8.6.13-h010d191_3.conda
      - conda: https://conda.anaconda.org/conda-forge/noarch/tzdata-2025c-hc9c84f9_1.conda
      - conda: https://conda.anaconda.org/conda-forge/osx-arm64/zstd-1.5.7-hbf9d68e_6.conda
packages:
- conda: https://conda.anaconda.org/conda-forge/osx-arm64/_openmp_mutex-4.5-7_kmp_llvm.conda
  build_number: 7
  sha256: 7acaa2e0782cad032bdaf756b536874346ac1375745fb250e9bdd6a48a7ab3cd
  md5: a44032f282e7d2acdeb1c240308052dd
  depends:
  - llvm-openmp >=9.0.1
  license: BSD-3-Clause
  license_family: BSD
  size: 8325
  timestamp: 1764092507920
- conda: https://conda.anaconda.org/conda-forge/osx-arm64/bzip2-1.0.8-hd037594_9.conda
  sha256: 540fe54be35fac0c17feefbdc3e29725cce05d7367ffedfaaa1bdda234b019df
  md5: 620b85a3f45526a8bc4d23fd78fc22f0
  depends:
  - __osx >=11.0
  license: bzip2-1.0.6
  license_family: BSD
  size: 124834
  timestamp: 1771350416561
- conda: https://conda.anaconda.org/conda-forge/noarch/ca-certificates-2026.4.22-hbd8a1cb_0.conda
  sha256: c9dbcc8039a52023660d6d1bbf87594a93dd69c6ac5a2a44323af2c92976728d
  md5: e18ad67cf881dcadee8b8d9e2f8e5f73
  depends:
  - __unix
  license: ISC
  size: 131039
  timestamp: 1776865545798
- conda: https://conda.anaconda.org/conda-forge/osx-arm64/libblas-3.11.0-6_h51639a9_openblas.conda
  build_number: 6
  sha256: 979227fc03628925037ab2dfda008eb7b5592644d9c2c21dd285cefe8c42553d
  md5: e551103471911260488a02155cef9c94
  depends:
  - libopenblas >=0.3.32,<0.3.33.0a0
  - libopenblas >=0.3.32,<1.0a0
  constrains:
  - liblapacke 3.11.0   6*_openblas
  - liblapack  3.11.0   6*_openblas
  - blas 2.306   openblas
  - libcblas   3.11.0   6*_openblas
  - mkl <2026
  license: BSD-3-Clause
  license_family: BSD
  size: 18859
  timestamp: 1774504387211
- conda: https://conda.anaconda.org/conda-forge/osx-arm64/libcblas-3.11.0-6_hb0561ab_openblas.conda
  build_number: 6
  sha256: 2e6b3e9b1ab672133b70fc6730e42290e952793f132cb5e72eee22835463eba0
  md5: 805c6d31c5621fd75e53dfcf21fb243a
  depends:
  - libblas 3.11.0 6_h51639a9_openblas
  constrains:
  - liblapacke 3.11.0   6*_openblas
  - blas 2.306   openblas
  - liblapack  3.11.0   6*_openblas
  license: BSD-3-Clause
  license_family: BSD
  size: 18863
  timestamp: 1774504433388
- conda: https://conda.anaconda.org/conda-forge/osx-arm64/libcxx-22.1.5-h55c6f16_1.conda
  sha256: dddd01bd6b338221342a89530a1caffe6051a70cc8f8b1d8bb591d5447a3c603
  md5: ff484b683fecf1e875dfc7aa01d19796
  depends:
  - __osx >=11.0
  license: Apache-2.0 WITH LLVM-exception
  license_family: Apache
  size: 569359
  timestamp: 1778191546305
- conda: https://conda.anaconda.org/conda-forge/osx-arm64/libexpat-2.8.0-hf6b4638_0.conda
  sha256: f4b1cafc59afaede8fa0a2d9cf376840f1c553001acd72f6ead18bbc8ac8c49c
  md5: 65466e82c09e888ca7560c11a97d5450
  depends:
  - __osx >=11.0
  constrains:
  - expat 2.8.0.*
  license: MIT
  license_family: MIT
  size: 68789
  timestamp: 1777846180142
- conda: https://conda.anaconda.org/conda-forge/osx-arm64/libffi-3.5.2-hcf2aa1b_0.conda
  sha256: 6686a26466a527585e6a75cc2a242bf4a3d97d6d6c86424a441677917f28bec7
  md5: 43c04d9cb46ef176bb2a4c77e324d599
  depends:
  - __osx >=11.0
  license: MIT
  license_family: MIT
  size: 40979
  timestamp: 1769456747661
- conda: https://conda.anaconda.org/conda-forge/osx-arm64/libgcc-15.2.0-hcbb3090_19.conda
  sha256: 06644fa4d34d57c9e48f4d84b1256f9e5f654fdb37f43acc8a58a396952d42b7
  md5: 644058123986582db33aebd4ae2ca184
  depends:
  - _openmp_mutex
  constrains:
  - libgcc-ng ==15.2.0=*_19
  - libgomp 15.2.0 19
  license: GPL-3.0-only WITH GCC-exception-3.1
  size: 404080
  timestamp: 1778273064154
- conda: https://conda.anaconda.org/conda-forge/osx-arm64/libgfortran-15.2.0-h07b0088_19.conda
  sha256: d4837b3b9b30af3132d260225e91ab9dde83be04c59513f500cc81050fb37486
  md5: 1ea03f87cdb1078fbc0e2b2deb63752c
  depends:
  - libgfortran5 15.2.0 hdae7583_19
  constrains:
  - libgfortran-ng ==15.2.0=*_19
  license: GPL-3.0-only WITH GCC-exception-3.1
  size: 139675
  timestamp: 1778273280875
- conda: https://conda.anaconda.org/conda-forge/osx-arm64/libgfortran5-15.2.0-hdae7583_19.conda
  sha256: d0a68b7a121d115b80c169e24d1265dcc25a3fe58d107df1bbc430797e226d88
  md5: ba36d8c606a6a53fe0b8c12d47267b3d
  depends:
  - libgcc >=15.2.0
  constrains:
  - libgfortran 15.2.0
  license: GPL-3.0-only WITH GCC-exception-3.1
  size: 599691
  timestamp: 1778273075448
- conda: https://conda.anaconda.org/conda-forge/osx-arm64/liblapack-3.11.0-6_hd9741b5_openblas.conda
  build_number: 6
  sha256: 21606b7346810559e259807497b86f438950cf19e71838e44ebaf4bd2b35b549
  md5: ee33d2d05a7c5ea1f67653b37eb74db1
  depends:
  - libblas 3.11.0 6_h51639a9_openblas
  constrains:
  - liblapacke 3.11.0   6*_openblas
  - libcblas   3.11.0   6*_openblas
  - blas 2.306   openblas
  license: BSD-3-Clause
  license_family: BSD
  size: 18863
  timestamp: 1774504467905
- conda: https://conda.anaconda.org/conda-forge/osx-arm64/liblzma-5.8.3-h8088a28_0.conda
  sha256: 34878d87275c298f1a732c6806349125cebbf340d24c6c23727268184bba051e
  md5: b1fd823b5ae54fbec272cea0811bd8a9
  depends:
  - __osx >=11.0
  constrains:
  - xz 5.8.3.*
  license: 0BSD
  size: 92472
  timestamp: 1775825802659
- conda: https://conda.anaconda.org/conda-forge/osx-arm64/libmpdec-4.0.0-h84a0fba_1.conda
  sha256: 1089c7f15d5b62c622625ec6700732ece83be8b705da8c6607f4dabb0c4bd6d2
  md5: 57c4be259f5e0b99a5983799a228ae55
  depends:
  - __osx >=11.0
  license: BSD-2-Clause
  license_family: BSD
  size: 73690
  timestamp: 1769482560514
- conda: https://conda.anaconda.org/conda-forge/osx-arm64/libopenblas-0.3.32-openmp_he657e61_0.conda
  sha256: 713e453bde3531c22a660577e59bf91ef578dcdfd5edb1253a399fa23514949a
  md5: 3a1111a4b6626abebe8b978bb5a323bf
  depends:
  - __osx >=11.0
  - libgfortran
  - libgfortran5 >=14.3.0
  - llvm-openmp >=19.1.7
  constrains:
  - openblas >=0.3.32,<0.3.33.0a0
  license: BSD-3-Clause
  license_family: BSD
  size: 4308797
  timestamp: 1774472508546
- conda: https://conda.anaconda.org/conda-forge/osx-arm64/libsqlite-3.53.1-h1b79a29_0.conda
  sha256: 49daec7c83e70d4efc17b813547824bc2bcf2f7256d84061d24fbfe537da9f74
  md5: 6681822ea9d362953206352371b6a904
  depends:
  - __osx >=11.0
  - libzlib >=1.3.2,<2.0a0
  license: blessing
  size: 920047
  timestamp: 1777987051643
- conda: https://conda.anaconda.org/conda-forge/osx-arm64/libzlib-1.3.2-h8088a28_2.conda
  sha256: 361415a698514b19a852f5d1123c5da746d4642139904156ddfca7c922d23a05
  md5: bc5a5721b6439f2f62a84f2548136082
  depends:
  - __osx >=11.0
  constrains:
  - zlib 1.3.2 *_2
  license: Zlib
  license_family: Other
  size: 47759
  timestamp: 1774072956767
- conda: https://conda.anaconda.org/conda-forge/osx-arm64/llvm-openmp-22.1.4-hc7d1edf_0.conda
  sha256: a269273ccf48be6ac582bb958713ba8373262b9157a0fc76b7e5475e8a1d2a78
  md5: 46d04a647df7a4525e487d88068d19ef
  depends:
  - __osx >=11.0
  constrains:
  - openmp 22.1.4|22.1.4.*
  - intel-openmp <0.0a0
  license: Apache-2.0 WITH LLVM-exception
  license_family: APACHE
  size: 286406
  timestamp: 1776846235007
- conda: https://conda.anaconda.org/conda-forge/osx-arm64/ncurses-6.6-h1d4f5a5_0.conda
  sha256: 4ea6c620b87bd1d42bb2ccc2c87cd2483fa2d7f9e905b14c223f11ff3f4c455d
  md5: 343d10ed5b44030a2f67193905aea159
  depends:
  - __osx >=11.0
  license: X11 AND BSD-3-Clause
  size: 805509
  timestamp: 1777423252320
- conda: https://conda.anaconda.org/conda-forge/osx-arm64/numpy-2.4.3-py314ha4d8615_0.conda
  sha256: c269916245aa84d923b6607fce877a069403714c65f6207d6bec70a333c32331
  md5: d8dd63deccebc802a8fe5a5e6c255cd6
  depends:
  - python
  - libcxx >=19
  - python 3.14.* *_cp314t
  - __osx >=11.0
  - libblas >=3.9.0,<4.0a0
  - liblapack >=3.9.0,<4.0a0
  - libcblas >=3.9.0,<4.0a0
  - python_abi 3.14.* *_cp314t
  constrains:
  - numpy-base <0a0
  license: BSD-3-Clause
  license_family: BSD
  size: 7062457
  timestamp: 1773839188614
- conda: https://conda.anaconda.org/conda-forge/osx-arm64/openssl-3.6.2-hd24854e_0.conda
  sha256: c91bf510c130a1ea1b6ff023e28bac0ccaef869446acd805e2016f69ebdc49ea
  md5: 25dcccd4f80f1638428613e0d7c9b4e1
  depends:
  - __osx >=11.0
  - ca-certificates
  license: Apache-2.0
  license_family: Apache
  size: 3106008
  timestamp: 1775587972483
- conda: https://conda.anaconda.org/conda-forge/osx-arm64/python-3.14.4-h6c44a53_0_cp314t.conda
  sha256: e825c7f56d811f63995be4482442398909000ce71137ce6c9e5bab80ca74997b
  md5: fe2e332924c098feefba3b806a9951b5
  depends:
  - __osx >=11.0
  - bzip2 >=1.0.8,<2.0a0
  - libexpat >=2.7.5,<3.0a0
  - libffi >=3.5.2,<3.6.0a0
  - liblzma >=5.8.2,<6.0a0
  - libmpdec >=4.0.0,<5.0a0
  - libsqlite >=3.52.0,<4.0a0
  - libzlib >=1.3.2,<2.0a0
  - ncurses >=6.5,<7.0a0
  - openssl >=3.5.6,<4.0a0
  - python_abi 3.14.* *_cp314t
  - readline >=8.3,<9.0a0
  - tk >=8.6.13,<8.7.0a0
  - tzdata
  - zstd >=1.5.7,<1.6.0a0
  track_features:
  - py_freethreading
  license: Python-2.0
  size: 13978318
  timestamp: 1775615456198
  python_site_packages_path: lib/python3.14t/site-packages
- conda: https://conda.anaconda.org/conda-forge/noarch/python_abi-3.14-8_cp314t.conda
  build_number: 8
  sha256: d9ed2538fba61265a330ee1b1afe99a4bb23ace706172b9464546c7e01259d63
  md5: 3251796e09870c978e0f69fa05e38fb6
  constrains:
  - python 3.14.* *_cp314t
  license: BSD-3-Clause
  license_family: BSD
  size: 7020
  timestamp: 1752805919426
- conda: https://conda.anaconda.org/conda-forge/osx-arm64/readline-8.3-h46df422_0.conda
  sha256: a77010528efb4b548ac2a4484eaf7e1c3907f2aec86123ed9c5212ae44502477
  md5: f8381319127120ce51e081dce4865cf4
  depends:
  - __osx >=11.0
  - ncurses >=6.5,<7.0a0
  license: GPL-3.0-only
  license_family: GPL
  size: 313930
  timestamp: 1765813902568
- conda: https://conda.anaconda.org/conda-forge/noarch/setuptools-82.0.1-pyh332efcf_0.conda
  sha256: 82088a6e4daa33329a30bc26dc19a98c7c1d3f05c0f73ce9845d4eab4924e9e1
  md5: 8e194e7b992f99a5015edbd4ebd38efd
  depends:
  - python >=3.10
  license: MIT
  license_family: MIT
  size: 639697
  timestamp: 1773074868565
- conda: https://conda.anaconda.org/conda-forge/osx-arm64/tk-8.6.13-h010d191_3.conda
  sha256: 799cab4b6cde62f91f750149995d149bc9db525ec12595e8a1d91b9317f038b3
  md5: a9d86bc62f39b94c4661716624eb21b0
  depends:
  - __osx >=11.0
  - libzlib >=1.3.1,<2.0a0
  license: TCL
  license_family: BSD
  size: 3127137
  timestamp: 1769460817696
- conda: https://conda.anaconda.org/conda-forge/noarch/tzdata-2025c-hc9c84f9_1.conda
  sha256: 1d30098909076af33a35017eed6f2953af1c769e273a0626a04722ac4acaba3c
  md5: ad659d0a2b3e47e38d829aa8cad2d610
  license: LicenseRef-Public-Domain
  size: 119135
  timestamp: 1767016325805
- conda: https://conda.anaconda.org/conda-forge/osx-arm64/zstd-1.5.7-hbf9d68e_6.conda
  sha256: 9485ba49e8f47d2b597dd399e88f4802e100851b27c21d7525625b0b4025a5d9
  md5: ab136e4c34e97f34fb621d2592a393d8
  depends:
  - __osx >=11.0
  - libzlib >=1.3.1,<2.0a0
  license: BSD-3-Clause
  license_family: BSD
  size: 433413
  timestamp: 1764777166076
